
Microsoft Visual Studio Solution File, Format Version 12.00
# Visual Studio Version 16
VisualStudioVersion = 16.0.29613.14
MinimumVisualStudioVersion = 10.0.40219.1
Project("{2150E333-8FDC-42A3-9474-1A3956D46DE8}") = "CMake", "CMake", "{75678D2F-92AC-3D0F-A229-5514B09A3CBD}"
EndProject
Project("{2150E333-8FDC-42A3-9474-1A3956D46DE8}") = "SFML", "SFML", "{EA2696EB-C08C-32F7-B0BF-AFF76AFF9350}"
EndProject
Project("{8BC9CEB8-8B4A-11D0-8D11-00A0C91BC942}") = "ALL_BUILD", "ALL_BUILD.vcxproj", "{0BA5AEE9-E938-33FD-A03B-9EEEB57FA23D}"
	ProjectSection(ProjectDependencies) = postProject
		{829B548D-1D66-3F4B-A54B-4A84203BB5BB} = {829B548D-1D66-3F4B-A54B-4A84203BB5BB}
		{CFDB1880-F6C9-3611-989D-29D8336E924A} = {CFDB1880-F6C9-3611-989D-29D8336E924A}
		{68BEB500-F396-3DE6-A02D-7D540C65C757} = {68BEB500-F396-3DE6-A02D-7D540C65C757}
		{D78A895A-6132-3EED-9D37-38CCC1EA2CFE} = {D78A895A-6132-3EED-9D37-38CCC1EA2CFE}
		{3AD520C4-D835-3521-ADA4-AEEB89287A46} = {3AD520C4-D835-3521-ADA4-AEEB89287A46}
	EndProjectSection
EndProject
Project("{8BC9CEB8-8B4A-11D0-8D11-00A0C91BC942}") = "INSTALL", "INSTALL.vcxproj", "{AA1FB0EE-2CC9-3AAC-AD6B-916C4C35317E}"
	ProjectSection(ProjectDependencies) = postProject
		{0BA5AEE9-E938-33FD-A03B-9EEEB57FA23D} = {0BA5AEE9-E938-33FD-A03B-9EEEB57FA23D}
		{829B548D-1D66-3F4B-A54B-4A84203BB5BB} = {829B548D-1D66-3F4B-A54B-4A84203BB5BB}
	EndProjectSection
EndProject
Project("{8BC9CEB8-8B4A-11D0-8D11-00A0C91BC942}") = "ZERO_CHECK", "ZERO_CHECK.vcxproj", "{829B548D-1D66-3F4B-A54B-4A84203BB5BB}"
EndProject
Project("{8BC9CEB8-8B4A-11D0-8D11-00A0C91BC942}") = "sfml-graphics", "src\SFML\Graphics\sfml-graphics.vcxproj", "{CFDB1880-F6C9-3611-989D-29D8336E924A}"
	ProjectSection(ProjectDependencies) = postProject
		{829B548D-1D66-3F4B-A54B-4A84203BB5BB} = {829B548D-1D66-3F4B-A54B-4A84203BB5BB}
		{D78A895A-6132-3EED-9D37-38CCC1EA2CFE} = {D78A895A-6132-3EED-9D37-38CCC1EA2CFE}
		{3AD520C4-D835-3521-ADA4-AEEB89287A46} = {3AD520C4-D835-3521-ADA4-AEEB89287A46}
	EndProjectSection
EndProject
Project("{8BC9CEB8-8B4A-11D0-8D11-00A0C91BC942}") = "sfml-main", "src\SFML\Main\sfml-main.vcxproj", "{68BEB500-F396-3DE6-A02D-7D540C65C757}"
	ProjectSection(ProjectDependencies) = postProject
		{829B548D-1D66-3F4B-A54B-4A84203BB5BB} = {829B548D-1D66-3F4B-A54B-4A84203BB5BB}
	EndProjectSection
EndProject
Project("{8BC9CEB8-8B4A-11D0-8D11-00A0C91BC942}") = "sfml-system", "src\SFML\System\sfml-system.vcxproj", "{D78A895A-6132-3EED-9D37-38CCC1EA2CFE}"
	ProjectSection(ProjectDependencies) = postProject
		{829B548D-1D66-3F4B-A54B-4A84203BB5BB} = {829B548D-1D66-3F4B-A54B-4A84203BB5BB}
	EndProjectSection
EndProject
Project("{8BC9CEB8-8B4A-11D0-8D11-00A0C91BC942}") = "sfml-window", "src\SFML\Window\sfml-window.vcxproj", "{3AD520C4-D835-3521-ADA4-AEEB89287A46}"
	ProjectSection(ProjectDependencies) = postProject
		{829B548D-1D66-3F4B-A54B-4A84203BB5BB} = {829B548D-1D66-3F4B-A54B-4A84203BB5BB}
		{D78A895A-6132-3EED-9D37-38CCC1EA2CFE} = {D78A895A-6132-3EED-9D37-38CCC1EA2CFE}
	EndProjectSection
EndProject
Project("{8BC9CEB8-8B4A-11D0-8D11-00A0C91BC942}") = "MyApplication", "MyApplication\MyApplication.vcxproj", "{BEDA7436-5EDA-47D7-892C-FD3CC79EF8DF}"
EndProject
Global
	GlobalSection(SolutionConfigurationPlatforms) = preSolution
		Debug|x64 = Debug|x64
		Debug|x86 = Debug|x86
		MinSizeRel|x64 = MinSizeRel|x64
		MinSizeRel|x86 = MinSizeRel|x86
		Release|x64 = Release|x64
		Release|x86 = Release|x86
		RelWithDebInfo|x64 = RelWithDebInfo|x64
		RelWithDebInfo|x86 = RelWithDebInfo|x86
	EndGlobalSection
	GlobalSection(ProjectConfigurationPlatforms) = postSolution
		{0BA5AEE9-E938-33FD-A03B-9EEEB57FA23D}.Debug|x64.ActiveCfg = Debug|x64
		{0BA5AEE9-E938-33FD-A03B-9EEEB57FA23D}.Debug|x64.Build.0 = Debug|x64
		{0BA5AEE9-E938-33FD-A03B-9EEEB57FA23D}.Debug|x86.ActiveCfg = Debug|x64
		{0BA5AEE9-E938-33FD-A03B-9EEEB57FA23D}.MinSizeRel|x64.ActiveCfg = MinSizeRel|x64
		{0BA5AEE9-E938-33FD-A03B-9EEEB57FA23D}.MinSizeRel|x64.Build.0 = MinSizeRel|x64
		{0BA5AEE9-E938-33FD-A03B-9EEEB57FA23D}.MinSizeRel|x86.ActiveCfg = MinSizeRel|x64
		{0BA5AEE9-E938-33FD-A03B-9EEEB57FA23D}.Release|x64.ActiveCfg = Release|x64
		{0BA5AEE9-E938-33FD-A03B-9EEEB57FA23D}.Release|x64.Build.0 = Release|x64
		{0BA5AEE9-E938-33FD-A03B-9EEEB57FA23D}.Release|x86.ActiveCfg = Release|x64
		{0BA5AEE9-E938-33FD-A03B-9EEEB57FA23D}.RelWithDebInfo|x64.ActiveCfg = RelWithDebInfo|x64
		{0BA5AEE9-E938-33FD-A03B-9EEEB57FA23D}.RelWithDebInfo|x64.Build.0 = RelWithDebInfo|x64
		{0BA5AEE9-E938-33FD-A03B-9EEEB57FA23D}.RelWithDebInfo|x86.ActiveCfg = RelWithDebInfo|x64
		{AA1FB0EE-2CC9-3AAC-AD6B-916C4C35317E}.Debug|x64.ActiveCfg = Debug|x64
		{AA1FB0EE-2CC9-3AAC-AD6B-916C4C35317E}.Debug|x86.ActiveCfg = Debug|x64
		{AA1FB0EE-2CC9-3AAC-AD6B-916C4C35317E}.MinSizeRel|x64.ActiveCfg = MinSizeRel|x64
		{AA1FB0EE-2CC9-3AAC-AD6B-916C4C35317E}.MinSizeRel|x86.ActiveCfg = MinSizeRel|x64
		{AA1FB0EE-2CC9-3AAC-AD6B-916C4C35317E}.Release|x64.ActiveCfg = Release|x64
		{AA1FB0EE-2CC9-3AAC-AD6B-916C4C35317E}.Release|x86.ActiveCfg = Release|x64
		{AA1FB0EE-2CC9-3AAC-AD6B-916C4C35317E}.RelWithDebInfo|x64.ActiveCfg = RelWithDebInfo|x64
		{AA1FB0EE-2CC9-3AAC-AD6B-916C4C35317E}.RelWithDebInfo|x86.ActiveCfg = RelWithDebInfo|x64
		{829B548D-1D66-3F4B-A54B-4A84203BB5BB}.Debug|x64.ActiveCfg = Debug|x64
		{829B548D-1D66-3F4B-A54B-4A84203BB5BB}.Debug|x64.Build.0 = Debug|x64
		{829B548D-1D66-3F4B-A54B-4A84203BB5BB}.Debug|x86.ActiveCfg = Debug|x64
		{829B548D-1D66-3F4B-A54B-4A84203BB5BB}.MinSizeRel|x64.ActiveCfg = MinSizeRel|x64
		{829B548D-1D66-3F4B-A54B-4A84203BB5BB}.MinSizeRel|x64.Build.0 = MinSizeRel|x64
		{829B548D-1D66-3F4B-A54B-4A84203BB5BB}.MinSizeRel|x86.ActiveCfg = MinSizeRel|x64
		{829B548D-1D66-3F4B-A54B-4A84203BB5BB}.Release|x64.ActiveCfg = Release|x64
		{829B548D-1D66-3F4B-A54B-4A84203BB5BB}.Release|x64.Build.0 = Release|x64
		{829B548D-1D66-3F4B-A54B-4A84203BB5BB}.Release|x86.ActiveCfg = Release|x64
		{829B548D-1D66-3F4B-A54B-4A84203BB5BB}.RelWithDebInfo|x64.ActiveCfg = RelWithDebInfo|x64
		{829B548D-1D66-3F4B-A54B-4A84203BB5BB}.RelWithDebInfo|x64.Build.0 = RelWithDebInfo|x64
		{829B548D-1D66-3F4B-A54B-4A84203BB5BB}.RelWithDebInfo|x86.ActiveCfg = RelWithDebInfo|x64
		{CFDB1880-F6C9-3611-989D-29D8336E924A}.Debug|x64.ActiveCfg = Debug|x64
		{CFDB1880-F6C9-3611-989D-29D8336E924A}.Debug|x64.Build.0 = Debug|x64
		{CFDB1880-F6C9-3611-989D-29D8336E924A}.Debug|x86.ActiveCfg = Debug|x64
		{CFDB1880-F6C9-3611-989D-29D8336E924A}.MinSizeRel|x64.ActiveCfg = MinSizeRel|x64
		{CFDB1880-F6C9-3611-989D-29D8336E924A}.MinSizeRel|x64.Build.0 = MinSizeRel|x64
		{CFDB1880-F6C9-3611-989D-29D8336E924A}.MinSizeRel|x86.ActiveCfg = MinSizeRel|x64
		{CFDB1880-F6C9-3611-989D-29D8336E924A}.Release|x64.ActiveCfg = Release|x64
		{CFDB1880-F6C9-3611-989D-29D8336E924A}.Release|x64.Build.0 = Release|x64
		{CFDB1880-F6C9-3611-989D-29D8336E924A}.Release|x86.ActiveCfg = Release|x64
		{CFDB1880-F6C9-3611-989D-29D8336E924A}.RelWithDebInfo|x64.ActiveCfg = RelWithDebInfo|x64
		{CFDB1880-F6C9-3611-989D-29D8336E924A}.RelWithDebInfo|x64.Build.0 = RelWithDebInfo|x64
		{CFDB1880-F6C9-3611-989D-29D8336E924A}.RelWithDebInfo|x86.ActiveCfg = RelWithDebInfo|x64
		{68BEB500-F396-3DE6-A02D-7D540C65C757}.Debug|x64.ActiveCfg = Debug|x64
		{68BEB500-F396-3DE6-A02D-7D540C65C757}.Debug|x64.Build.0 = Debug|x64
		{68BEB500-F396-3DE6-A02D-7D540C65C757}.Debug|x86.ActiveCfg = Debug|x64
		{68BEB500-F396-3DE6-A02D-7D540C65C757}.MinSizeRel|x64.ActiveCfg = MinSizeRel|x64
		{68BEB500-F396-3DE6-A02D-7D540C65C757}.MinSizeRel|x64.Build.0 = MinSizeRel|x64
		{68BEB500-F396-3DE6-A02D-7D540C65C757}.MinSizeRel|x86.ActiveCfg = MinSizeRel|x64
		{68BEB500-F396-3DE6-A02D-7D540C65C757}.Release|x64.ActiveCfg = Release|x64
		{68BEB500-F396-3DE6-A02D-7D540C65C757}.Release|x64.Build.0 = Release|x64
		{68BEB500-F396-3DE6-A02D-7D540C65C757}.Release|x86.ActiveCfg = Release|x64
		{68BEB500-F396-3DE6-A02D-7D540C65C757}.RelWithDebInfo|x64.ActiveCfg = RelWithDebInfo|x64
		{68BEB500-F396-3DE6-A02D-7D540C65C757}.RelWithDebInfo|x64.Build.0 = RelWithDebInfo|x64
		{68BEB500-F396-3DE6-A02D-7D540C65C757}.RelWithDebInfo|x86.ActiveCfg = RelWithDebInfo|x64
		{D78A895A-6132-3EED-9D37-38CCC1EA2CFE}.Debug|x64.ActiveCfg = Debug|x64
		{D78A895A-6132-3EED-9D37-38CCC1EA2CFE}.Debug|x64.Build.0 = Debug|x64
		{D78A895A-6132-3EED-9D37-38CCC1EA2CFE}.Debug|x86.ActiveCfg = Debug|x64
		{D78A895A-6132-3EED-9D37-38CCC1EA2CFE}.MinSizeRel|x64.ActiveCfg = MinSizeRel|x64
		{D78A895A-6132-3EED-9D37-38CCC1EA2CFE}.MinSizeRel|x64.Build.0 = MinSizeRel|x64
		{D78A895A-6132-3EED-9D37-38CCC1EA2CFE}.MinSizeRel|x86.ActiveCfg = MinSizeRel|x64
		{D78A895A-6132-3EED-9D37-38CCC1EA2CFE}.Release|x64.ActiveCfg = Release|x64
		{D78A895A-6132-3EED-9D37-38CCC1EA2CFE}.Release|x64.Build.0 = Release|x64
		{D78A895A-6132-3EED-9D37-38CCC1EA2CFE}.Release|x86.ActiveCfg = Release|x64
		{D78A895A-6132-3EED-9D37-38CCC1EA2CFE}.RelWithDebInfo|x64.ActiveCfg = RelWithDebInfo|x64
		{D78A895A-6132-3EED-9D37-38CCC1EA2CFE}.RelWithDebInfo|x64.Build.0 = RelWithDebInfo|x64
		{D78A895A-6132-3EED-9D37-38CCC1EA2CFE}.RelWithDebInfo|x86.ActiveCfg = RelWithDebInfo|x64
		{3AD520C4-D835-3521-ADA4-AEEB89287A46}.Debug|x64.ActiveCfg = Debug|x64
		{3AD520C4-D835-3521-ADA4-AEEB89287A46}.Debug|x64.Build.0 = Debug|x64
		{3AD520C4-D835-3521-ADA4-AEEB89287A46}.Debug|x86.ActiveCfg = Debug|x64
		{3AD520C4-D835-3521-ADA4-AEEB89287A46}.MinSizeRel|x64.ActiveCfg = MinSizeRel|x64
		{3AD520C4-D835-3521-ADA4-AEEB89287A46}.MinSizeRel|x64.Build.0 = MinSizeRel|x64
		{3AD520C4-D835-3521-ADA4-AEEB89287A46}.MinSizeRel|x86.ActiveCfg = MinSizeRel|x64
		{3AD520C4-D835-3521-ADA4-AEEB89287A46}.Release|x64.ActiveCfg = Release|x64
		{3AD520C4-D835-3521-ADA4-AEEB89287A46}.Release|x64.Build.0 = Release|x64
		{3AD520C4-D835-3521-ADA4-AEEB89287A46}.Release|x86.ActiveCfg = Release|x64
		{3AD520C4-D835-3521-ADA4-AEEB89287A46}.RelWithDebInfo|x64.ActiveCfg = RelWithDebInfo|x64
		{3AD520C4-D835-3521-ADA4-AEEB89287A46}.RelWithDebInfo|x64.Build.0 = RelWithDebInfo|x64
		{3AD520C4-D835-3521-ADA4-AEEB89287A46}.RelWithDebInfo|x86.ActiveCfg = RelWithDebInfo|x64
		{BEDA7436-5EDA-47D7-892C-FD3CC79EF8DF}.Debug|x64.ActiveCfg = Debug|x64
		{BEDA7436-5EDA-47D7-892C-FD3CC79EF8DF}.Debug|x64.Build.0 = Debug|x64
		{BEDA7436-5EDA-47D7-892C-FD3CC79EF8DF}.Debug|x86.ActiveCfg = Debug|Win32
		{BEDA7436-5EDA-47D7-892C-FD3CC79EF8DF}.Debug|x86.Build.0 = Debug|Win32
		{BEDA7436-5EDA-47D7-892C-FD3CC79EF8DF}.MinSizeRel|x64.ActiveCfg = Release|x64
		{BEDA7436-5EDA-47D7-892C-FD3CC79EF8DF}.MinSizeRel|x64.Build.0 = Release|x64
		{BEDA7436-5EDA-47D7-892C-FD3CC79EF8DF}.MinSizeRel|x86.ActiveCfg = Release|Win32
		{BEDA7436-5EDA-47D7-892C-FD3CC79EF8DF}.MinSizeRel|x86.Build.0 = Release|Win32
		{BEDA7436-5EDA-47D7-892C-FD3CC79EF8DF}.Release|x64.ActiveCfg = Release|x64
		{BEDA7436-5EDA-47D7-892C-FD3CC79EF8DF}.Release|x64.Build.0 = Release|x64
		{BEDA7436-5EDA-47D7-892C-FD3CC79EF8DF}.Release|x86.ActiveCfg = Release|Win32
		{BEDA7436-5EDA-47D7-892C-FD3CC79EF8DF}.Release|x86.Build.0 = Release|Win32
		{BEDA7436-5EDA-47D7-892C-FD3CC79EF8DF}.RelWithDebInfo|x64.ActiveCfg = Release|x64
		{BEDA7436-5EDA-47D7-892C-FD3CC79EF8DF}.RelWithDebInfo|x64.Build.0 = Release|x64
		{BEDA7436-5EDA-47D7-892C-FD3CC79EF8DF}.RelWithDebInfo|x86.ActiveCfg = Release|Win32
		{BEDA7436-5EDA-47D7-892C-FD3CC79EF8DF}.RelWithDebInfo|x86.Build.0 = Release|Win32
	EndGlobalSection
	GlobalSection(SolutionProperties) = preSolution
		HideSolutionNode = FALSE
	EndGlobalSection
	GlobalSection(NestedProjects) = preSolution
		{0BA5AEE9-E938-33FD-A03B-9EEEB57FA23D} = {75678D2F-92AC-3D0F-A229-5514B09A3CBD}
		{AA1FB0EE-2CC9-3AAC-AD6B-916C4C35317E} = {75678D2F-92AC-3D0F-A229-5514B09A3CBD}
		{829B548D-1D66-3F4B-A54B-4A84203BB5BB} = {75678D2F-92AC-3D0F-A229-5514B09A3CBD}
		{CFDB1880-F6C9-3611-989D-29D8336E924A} = {EA2696EB-C08C-32F7-B0BF-AFF76AFF9350}
		{68BEB500-F396-3DE6-A02D-7D540C65C757} = {EA2696EB-C08C-32F7-B0BF-AFF76AFF9350}
		{D78A895A-6132-3EED-9D37-38CCC1EA2CFE} = {EA2696EB-C08C-32F7-B0BF-AFF76AFF9350}
		{3AD520C4-D835-3521-ADA4-AEEB89287A46} = {EA2696EB-C08C-32F7-B0BF-AFF76AFF9350}
	EndGlobalSection
	GlobalSection(ExtensibilityGlobals) = postSolution
		SolutionGuid = {6D1D24CE-C364-3B2B-8B0F-24655C2BE9C0}
	EndGlobalSection
EndGlobal
